// !$*UTF8*$!
{
	archiveVersion = 1;
	classes = {
	};
	objectVersion = 50;
	objects = {

/* Begin PBXBuildFile section */
		7A12BBC0234CEDFE004A1E23 /* AddItemView.swift in Sources */ = {isa = PBXBuildFile; fileRef = 7A12BBBF234CEDFE004A1E23 /* AddItemView.swift */; };
		7A12BBC2234CEE27004A1E23 /* TodoListView.swift in Sources */ = {isa = PBXBuildFile; fileRef = 7A12BBC1234CEE27004A1E23 /* TodoListView.swift */; };
		7A12BBC4234CEE53004A1E23 /* MockTodoStore.swift in Sources */ = {isa = PBXBuildFile; fileRef = 7A12BBC3234CEE53004A1E23 /* MockTodoStore.swift */; };
		7A7B00D2234CC9B200E6A9B6 /* AppDelegate.swift in Sources */ = {isa = PBXBuildFile; fileRef = 7A7B00D1234CC9B200E6A9B6 /* AppDelegate.swift */; };
		7A7B00D4234CC9B200E6A9B6 /* SceneDelegate.swift in Sources */ = {isa = PBXBuildFile; fileRef = 7A7B00D3234CC9B200E6A9B6 /* SceneDelegate.swift */; };
		7A7B00D6234CC9B200E6A9B6 /* ContentView.swift in Sources */ = {isa = PBXBuildFile; fileRef = 7A7B00D5234CC9B200E6A9B6 /* ContentView.swift */; };
		7A7B00D8234CC9B300E6A9B6 /* Assets.xcassets in Resources */ = {isa = PBXBuildFile; fileRef = 7A7B00D7234CC9B300E6A9B6 /* Assets.xcassets */; };
		7A7B00DB234CC9B300E6A9B6 /* Preview Assets.xcassets in Resources */ = {isa = PBXBuildFile; fileRef = 7A7B00DA234CC9B300E6A9B6 /* Preview Assets.xcassets */; };
		7A7B00DE234CC9B300E6A9B6 /* LaunchScreen.storyboard in Resources */ = {isa = PBXBuildFile; fileRef = 7A7B00DC234CC9B300E6A9B6 /* LaunchScreen.storyboard */; };
		7A7B00E8234CC9D800E6A9B6 /* TodoItem.swift in Sources */ = {isa = PBXBuildFile; fileRef = 7A7B00E7234CC9D800E6A9B6 /* TodoItem.swift */; };
		7ADEFEF6234CCACF0090EDCE /* TodoReducer.swift in Sources */ = {isa = PBXBuildFile; fileRef = 7ADEFEF5234CCACF0090EDCE /* TodoReducer.swift */; };
		7ADEFEFB234CCEF40090EDCE /* TodoStore.swift in Sources */ = {isa = PBXBuildFile; fileRef = 7ADEFEFA234CCEF40090EDCE /* TodoStore.swift */; };
		7ADEFEFE234CD0010090EDCE /* AnyReducible.swift in Sources */ = {isa = PBXBuildFile; fileRef = 7ADEFEFD234CD0010090EDCE /* AnyReducible.swift */; };
		7ADEFF01234CD04E0090EDCE /* Reducer.swift in Sources */ = {isa = PBXBuildFile; fileRef = 7ADEFF00234CD04E0090EDCE /* Reducer.swift */; };
		7ADEFF04234CD6CE0090EDCE /* ReduceStore.swift in Sources */ = {isa = PBXBuildFile; fileRef = 7ADEFF03234CD6CE0090EDCE /* ReduceStore.swift */; };
		7ADEFF06234CD9C60090EDCE /* TodoReducerExtensions.swift in Sources */ = {isa = PBXBuildFile; fileRef = 7ADEFF05234CD9C60090EDCE /* TodoReducerExtensions.swift */; };
/* End PBXBuildFile section */

/* Begin PBXFileReference section */
		7A12BBBF234CEDFE004A1E23 /* AddItemView.swift */ = {isa = PBXFileReference; lastKnownFileType = sourcecode.swift; path = AddItemView.swift; sourceTree = "<group>"; };
		7A12BBC1234CEE27004A1E23 /* TodoListView.swift */ = {isa = PBXFileReference; lastKnownFileType = sourcecode.swift; path = TodoListView.swift; sourceTree = "<group>"; };
		7A12BBC3234CEE53004A1E23 /* MockTodoStore.swift */ = {isa = PBXFileReference; lastKnownFileType = sourcecode.swift; path = MockTodoStore.swift; sourceTree = "<group>"; };
		7A7B00CE234CC9B200E6A9B6 /* First Redux&Combine App.app */ = {isa = PBXFileReference; explicitFileType = wrapper.application; includeInIndex = 0; path = "First Redux&Combine App.app"; sourceTree = BUILT_PRODUCTS_DIR; };
		7A7B00D1234CC9B200E6A9B6 /* AppDelegate.swift */ = {isa = PBXFileReference; lastKnownFileType = sourcecode.swift; path = AppDelegate.swift; sourceTree = "<group>"; };
		7A7B00D3234CC9B200E6A9B6 /* SceneDelegate.swift */ = {isa = PBXFileReference; lastKnownFileType = sourcecode.swift; path = SceneDelegate.swift; sourceTree = "<group>"; };
		7A7B00D5234CC9B200E6A9B6 /* ContentView.swift */ = {isa = PBXFileReference; lastKnownFileType = sourcecode.swift; path = ContentView.swift; sourceTree = "<group>"; };
		7A7B00D7234CC9B300E6A9B6 /* Assets.xcassets */ = {isa = PBXFileReference; lastKnownFileType = folder.assetcatalog; path = Assets.xcassets; sourceTree = "<group>"; };
		7A7B00DA234CC9B300E6A9B6 /* Preview Assets.xcassets */ = {isa = PBXFileReference; lastKnownFileType = folder.assetcatalog; path = "Preview Assets.xcassets"; sourceTree = "<group>"; };
		7A7B00DD234CC9B300E6A9B6 /* Base */ = {isa = PBXFileReference; lastKnownFileType = file.storyboard; name = Base; path = Base.lproj/LaunchScreen.storyboard; sourceTree = "<group>"; };
		7A7B00DF234CC9B300E6A9B6 /* Info.plist */ = {isa = PBXFileReference; lastKnownFileType = text.plist.xml; path = Info.plist; sourceTree = "<group>"; };
		7A7B00E7234CC9D800E6A9B6 /* TodoItem.swift */ = {isa = PBXFileReference; lastKnownFileType = sourcecode.swift; path = TodoItem.swift; sourceTree = "<group>"; };
		7ADEFEF5234CCACF0090EDCE /* TodoReducer.swift */ = {isa = PBXFileReference; lastKnownFileType = sourcecode.swift; path = TodoReducer.swift; sourceTree = "<group>"; };
		7ADEFEFA234CCEF40090EDCE /* TodoStore.swift */ = {isa = PBXFileReference; lastKnownFileType = sourcecode.swift; path = TodoStore.swift; sourceTree = "<group>"; };
		7ADEFEFD234CD0010090EDCE /* AnyReducible.swift */ = {isa = PBXFileReference; lastKnownFileType = sourcecode.swift; path = AnyReducible.swift; sourceTree = "<group>"; };
		7ADEFF00234CD04E0090EDCE /* Reducer.swift */ = {isa = PBXFileReference; lastKnownFileType = sourcecode.swift; path = Reducer.swift; sourceTree = "<group>"; };
		7ADEFF03234CD6CE0090EDCE /* ReduceStore.swift */ = {isa = PBXFileReference; lastKnownFileType = sourcecode.swift; path = ReduceStore.swift; sourceTree = "<group>"; };
		7ADEFF05234CD9C60090EDCE /* TodoReducerExtensions.swift */ = {isa = PBXFileReference; lastKnownFileType = sourcecode.swift; path = TodoReducerExtensions.swift; sourceTree = "<group>"; };
/* End PBXFileReference section */

/* Begin PBXFrameworksBuildPhase section */
		7A7B00CB234CC9B200E6A9B6 /* Frameworks */ = {
			isa = PBXFrameworksBuildPhase;
			buildActionMask = 2147483647;
			files = (
			);
			runOnlyForDeploymentPostprocessing = 0;
		};
/* End PBXFrameworksBuildPhase section */

/* Begin PBXGroup section */
		7A12BBBD234CEDDF004A1E23 /* Views */ = {
			isa = PBXGroup;
			children = (
				7A7B00D5234CC9B200E6A9B6 /* ContentView.swift */,
				7A12BBBF234CEDFE004A1E23 /* AddItemView.swift */,
				7A12BBC1234CEE27004A1E23 /* TodoListView.swift */,
			);
			path = Views;
			sourceTree = "<group>";
		};
		7A7B00C5234CC9B200E6A9B6 = {
			isa = PBXGroup;
			children = (
				7A7B00D0234CC9B200E6A9B6 /* First Redux&Combine App */,
				7A7B00CF234CC9B200E6A9B6 /* Products */,
			);
			sourceTree = "<group>";
		};
		7A7B00CF234CC9B200E6A9B6 /* Products */ = {
			isa = PBXGroup;
			children = (
				7A7B00CE234CC9B200E6A9B6 /* First Redux&Combine App.app */,
			);
			name = Products;
			sourceTree = "<group>";
		};
		7A7B00D0234CC9B200E6A9B6 /* First Redux&Combine App */ = {
			isa = PBXGroup;
			children = (
				7A7B00E9234CC9DE00E6A9B6 /* Models */,
				7ADEFEF4234CCAB50090EDCE /* Reducers */,
				7ADEFEF9234CCEE00090EDCE /* Stores */,
				7A7B00D1234CC9B200E6A9B6 /* AppDelegate.swift */,
				7A7B00D3234CC9B200E6A9B6 /* SceneDelegate.swift */,
				7A12BBBD234CEDDF004A1E23 /* Views */,
				7A7B00D7234CC9B300E6A9B6 /* Assets.xcassets */,
				7A7B00DC234CC9B300E6A9B6 /* LaunchScreen.storyboard */,
				7A7B00DF234CC9B300E6A9B6 /* Info.plist */,
				7A7B00D9234CC9B300E6A9B6 /* Preview Content */,
			);
			path = "First Redux&Combine App";
			sourceTree = "<group>";
		};
		7A7B00D9234CC9B300E6A9B6 /* Preview Content */ = {
			isa = PBXGroup;
			children = (
				7A7B00DA234CC9B300E6A9B6 /* Preview Assets.xcassets */,
				7A12BBC3234CEE53004A1E23 /* MockTodoStore.swift */,
			);
			path = "Preview Content";
			sourceTree = "<group>";
		};
		7A7B00E9234CC9DE00E6A9B6 /* Models */ = {
			isa = PBXGroup;
			children = (
				7ADEFEFC234CCFF50090EDCE /* Base */,
				7A7B00E7234CC9D800E6A9B6 /* TodoItem.swift */,
			);
			path = Models;
			sourceTree = "<group>";
		};
		7ADEFEF4234CCAB50090EDCE /* Reducers */ = {
			isa = PBXGroup;
			children = (
				7ADEFEFF234CD0410090EDCE /* Base */,
				7ADEFF07234CD9CD0090EDCE /* Extensions */,
				7ADEFEF5234CCACF0090EDCE /* TodoReducer.swift */,
			);
			path = Reducers;
			sourceTree = "<group>";
		};
		7ADEFEF9234CCEE00090EDCE /* Stores */ = {
			isa = PBXGroup;
			children = (
				7ADEFF02234CD6C60090EDCE /* Base */,
				7ADEFEFA234CCEF40090EDCE /* TodoStore.swift */,
			);
			path = Stores;
			sourceTree = "<group>";
		};
		7ADEFEFC234CCFF50090EDCE /* Base */ = {
			isa = PBXGroup;
			children = (
				7ADEFEFD234CD0010090EDCE /* AnyReducible.swift */,
			);
			path = Base;
			sourceTree = "<group>";
		};
		7ADEFEFF234CD0410090EDCE /* Base */ = {
			isa = PBXGroup;
			children = (
				7ADEFF00234CD04E0090EDCE /* Reducer.swift */,
			);
			path = Base;
			sourceTree = "<group>";
		};
		7ADEFF02234CD6C60090EDCE /* Base */ = {
			isa = PBXGroup;
			children = (
				7ADEFF03234CD6CE0090EDCE /* ReduceStore.swift */,
			);
			path = Base;
			sourceTree = "<group>";
		};
		7ADEFF07234CD9CD0090EDCE /* Extensions */ = {
			isa = PBXGroup;
			children = (
				7ADEFF05234CD9C60090EDCE /* TodoReducerExtensions.swift */,
			);
			path = Extensions;
			sourceTree = "<group>";
		};
/* End PBXGroup section */

/* Begin PBXNativeTarget section */
		7A7B00CD234CC9B200E6A9B6 /* First Redux&Combine App */ = {
			isa = PBXNativeTarget;
			buildConfigurationList = 7A7B00E2234CC9B300E6A9B6 /* Build configuration list for PBXNativeTarget "First Redux&Combine App" */;
			buildPhases = (
				7A7B00CA234CC9B200E6A9B6 /* Sources */,
				7A7B00CB234CC9B200E6A9B6 /* Frameworks */,
				7A7B00CC234CC9B200E6A9B6 /* Resources */,
			);
			buildRules = (
			);
			dependencies = (
			);
			name = "First Redux&Combine App";
			productName = "First Redux&Combine App";
			productReference = 7A7B00CE234CC9B200E6A9B6 /* First Redux&Combine App.app */;
			productType = "com.apple.product-type.application";
		};
/* End PBXNativeTarget section */

/* Begin PBXProject section */
		7A7B00C6234CC9B200E6A9B6 /* Project object */ = {
			isa = PBXProject;
			attributes = {
				LastSwiftUpdateCheck = 1100;
				LastUpgradeCheck = 1100;
				ORGANIZATIONNAME = "Marius Ilie";
				TargetAttributes = {
					7A7B00CD234CC9B200E6A9B6 = {
						CreatedOnToolsVersion = 11.0;
					};
				};
			};
			buildConfigurationList = 7A7B00C9234CC9B200E6A9B6 /* Build configuration list for PBXProject "First Redux&Combine App" */;
			compatibilityVersion = "Xcode 9.3";
			developmentRegion = en;
			hasScannedForEncodings = 0;
			knownRegions = (
				en,
				Base,
			);
			mainGroup = 7A7B00C5234CC9B200E6A9B6;
			productRefGroup = 7A7B00CF234CC9B200E6A9B6 /* Products */;
			projectDirPath = "";
			projectRoot = "";
			targets = (
				7A7B00CD234CC9B200E6A9B6 /* First Redux&Combine App */,
			);
		};
/* End PBXProject section */

/* Begin PBXResourcesBuildPhase section */
		7A7B00CC234CC9B200E6A9B6 /* Resources */ = {
			isa = PBXResourcesBuildPhase;
			buildActionMask = 2147483647;
			files = (
				7A7B00DE234CC9B300E6A9B6 /* LaunchScreen.storyboard in Resources */,
				7A7B00DB234CC9B300E6A9B6 /* Preview Assets.xcassets in Resources */,
				7A7B00D8234CC9B300E6A9B6 /* Assets.xcassets in Resources */,
			);
			runOnlyForDeploymentPostprocessing = 0;
		};
/* End PBXResourcesBuildPhase section */

/* Begin PBXSourcesBuildPhase section */
		7A7B00CA234CC9B200E6A9B6 /* Sources */ = {
			isa = PBXSourcesBuildPhase;
			buildActionMask = 2147483647;
			files = (
				7A12BBC4234CEE53004A1E23 /* MockTodoStore.swift in Sources */,
				7A7B00D2234CC9B200E6A9B6 /* AppDelegate.swift in Sources */,
				7ADEFF01234CD04E0090EDCE /* Reducer.swift in Sources */,
				7A12BBC2234CEE27004A1E23 /* TodoListView.swift in Sources */,
				7ADEFEF6234CCACF0090EDCE /* TodoReducer.swift in Sources */,
				7ADEFEFE234CD0010090EDCE /* AnyReducible.swift in Sources */,
				7A7B00D4234CC9B200E6A9B6 /* SceneDelegate.swift in Sources */,
				7ADEFF04234CD6CE0090EDCE /* ReduceStore.swift in Sources */,
				7ADEFF06234CD9C60090EDCE /* TodoReducerExtensions.swift in Sources */,
				7ADEFEFB234CCEF40090EDCE /* TodoStore.swift in Sources */,
				7A12BBC0234CEDFE004A1E23 /* AddItemView.swift in Sources */,
				7A7B00E8234CC9D800E6A9B6 /* TodoItem.swift in Sources */,
				7A7B00D6234CC9B200E6A9B6 /* ContentView.swift in Sources */,
			);
			runOnlyForDeploymentPostprocessing = 0;
		};
/* End PBXSourcesBuildPhase section */

/* Begin PBXVariantGroup section */
		7A7B00DC234CC9B300E6A9B6 /* LaunchScreen.storyboard */ = {
			isa = PBXVariantGroup;
			children = (
				7A7B00DD234CC9B300E6A9B6 /* Base */,
			);
			name = LaunchScreen.storyboard;
			sourceTree = "<group>";
		};
/* End PBXVariantGroup section */

/* Begin XCBuildConfiguration section */
		7A7B00E0234CC9B300E6A9B6 /* Debug */ = {
			isa = XCBuildConfiguration;
			buildSettings = {
				ALWAYS_SEARCH_USER_PATHS = NO;
				CLANG_ANALYZER_NONNULL = YES;
				CLANG_ANALYZER_NUMBER_OBJECT_CONVERSION = YES_AGGRESSIVE;
				CLANG_CXX_LANGUAGE_STANDARD = "gnu++14";
				CLANG_CXX_LIBRARY = "libc++";
				CLANG_ENABLE_MODULES = YES;
				CLANG_ENABLE_OBJC_ARC = YES;
				CLANG_ENABLE_OBJC_WEAK = YES;
				CLANG_WARN_BLOCK_CAPTURE_AUTORELEASING = YES;
				CLANG_WARN_BOOL_CONVERSION = YES;
				CLANG_WARN_COMMA = YES;
				CLANG_WARN_CONSTANT_CONVERSION = YES;
				CLANG_WARN_DEPRECATED_OBJC_IMPLEMENTATIONS = YES;
				CLANG_WARN_DIRECT_OBJC_ISA_USAGE = YES_ERROR;
				CLANG_WARN_DOCUMENTATION_COMMENTS = YES;
				CLANG_WARN_EMPTY_BODY = YES;
				CLANG_WARN_ENUM_CONVERSION = YES;
				CLANG_WARN_INFINITE_RECURSION = YES;
				CLANG_WARN_INT_CONVERSION = YES;
				CLANG_WARN_NON_LITERAL_NULL_CONVERSION = YES;
				CLANG_WARN_OBJC_IMPLICIT_RETAIN_SELF = YES;
				CLANG_WARN_OBJC_LITERAL_CONVERSION = YES;
				CLANG_WARN_OBJC_ROOT_CLASS = YES_ERROR;
				CLANG_WARN_RANGE_LOOP_ANALYSIS = YES;
				CLANG_WARN_STRICT_PROTOTYPES = YES;
				CLANG_WARN_SUSPICIOUS_MOVE = YES;
				CLANG_WARN_UNGUARDED_AVAILABILITY = YES_AGGRESSIVE;
				CLANG_WARN_UNREACHABLE_CODE = YES;
				CLANG_WARN__DUPLICATE_METHOD_MATCH = YES;
				COPY_PHASE_STRIP = NO;
				DEBUG_INFORMATION_FORMAT = dwarf;
				ENABLE_STRICT_OBJC_MSGSEND = YES;
				ENABLE_TESTABILITY = YES;
				GCC_C_LANGUAGE_STANDARD = gnu11;
				GCC_DYNAMIC_NO_PIC = NO;
				GCC_NO_COMMON_BLOCKS = YES;
				GCC_OPTIMIZATION_LEVEL = 0;
				GCC_PREPROCESSOR_DEFINITIONS = (
					"DEBUG=1",
					"$(inherited)",
				);
				GCC_WARN_64_TO_32_BIT_CONVERSION = YES;
				GCC_WARN_ABOUT_RETURN_TYPE = YES_ERROR;
				GCC_WARN_UNDECLARED_SELECTOR = YES;
				GCC_WARN_UNINITIALIZED_AUTOS = YES_AGGRESSIVE;
				GCC_WARN_UNUSED_FUNCTION = YES;
				GCC_WARN_UNUSED_VARIABLE = YES;
				IPHONEOS_DEPLOYMENT_TARGET = 13.0;
				MTL_ENABLE_DEBUG_INFO = INCLUDE_SOURCE;
				MTL_FAST_MATH = YES;
				ONLY_ACTIVE_ARCH = YES;
				SDKROOT = iphoneos;
				SWIFT_ACTIVE_COMPILATION_CONDITIONS = DEBUG;
				SWIFT_OPTIMIZATION_LEVEL = "-Onone";
			};
			name = Debug;
		};
		7A7B00E1234CC9B300E6A9B6 /* Release */ = {
			isa = XCBuildConfiguration;
			buildSettings = {
				ALWAYS_SEARCH_USER_PATHS = NO;
				CLANG_ANALYZER_NONNULL = YES;
				CLANG_ANALYZER_NUMBER_OBJECT_CONVERSION = YES_AGGRESSIVE;
				CLANG_CXX_LANGUAGE_STANDARD = "gnu++14";
				CLANG_CXX_LIBRARY = "libc++";
				CLANG_ENABLE_MODULES = YES;
				CLANG_ENABLE_OBJC_ARC = YES;
				CLANG_ENABLE_OBJC_WEAK = YES;
				CLANG_WARN_BLOCK_CAPTURE_AUTORELEASING = YES;
				CLANG_WARN_BOOL_CONVERSION = YES;
				CLANG_WARN_COMMA = YES;
				CLANG_WARN_CONSTANT_CONVERSION = YES;
				CLANG_WARN_DEPRECATED_OBJC_IMPLEMENTATIONS = YES;
				CLANG_WARN_DIRECT_OBJC_ISA_USAGE = YES_ERROR;
				CLANG_WARN_DOCUMENTATION_COMMENTS = YES;
				CLANG_WARN_EMPTY_BODY = YES;
				CLANG_WARN_ENUM_CONVERSION = YES;
				CLANG_WARN_INFINITE_RECURSION = YES;
				CLANG_WARN_INT_CONVERSION = YES;
				CLANG_WARN_NON_LITERAL_NULL_CONVERSION = YES;
				CLANG_WARN_OBJC_IMPLICIT_RETAIN_SELF = YES;
				CLANG_WARN_OBJC_LITERAL_CONVERSION = YES;
				CLANG_WARN_OBJC_ROOT_CLASS = YES_ERROR;
				CLANG_WARN_RANGE_LOOP_ANALYSIS = YES;
				CLANG_WARN_STRICT_PROTOTYPES = YES;
				CLANG_WARN_SUSPICIOUS_MOVE = YES;
				CLANG_WARN_UNGUARDED_AVAILABILITY = YES_AGGRESSIVE;
				CLANG_WARN_UNREACHABLE_CODE = YES;
				CLANG_WARN__DUPLICATE_METHOD_MATCH = YES;
				COPY_PHASE_STRIP = NO;
				DEBUG_INFORMATION_FORMAT = "dwarf-with-dsym";
				ENABLE_NS_ASSERTIONS = NO;
				ENABLE_STRICT_OBJC_MSGSEND = YES;
				GCC_C_LANGUAGE_STANDARD = gnu11;
				GCC_NO_COMMON_BLOCKS = YES;
				GCC_WARN_64_TO_32_BIT_CONVERSION = YES;
				GCC_WARN_ABOUT_RETURN_TYPE = YES_ERROR;
				GCC_WARN_UNDECLARED_SELECTOR = YES;
				GCC_WARN_UNINITIALIZED_AUTOS = YES_AGGRESSIVE;
				GCC_WARN_UNUSED_FUNCTION = YES;
				GCC_WARN_UNUSED_VARIABLE = YES;
				IPHONEOS_DEPLOYMENT_TARGET = 13.0;
				MTL_ENABLE_DEBUG_INFO = NO;
				MTL_FAST_MATH = YES;
				SDKROOT = iphoneos;
				SWIFT_COMPILATION_MODE = wholemodule;
				SWIFT_OPTIMIZATION_LEVEL = "-O";
				VALIDATE_PRODUCT = YES;
			};
			name = Release;
		};
		7A7B00E3234CC9B300E6A9B6 /* Debug */ = {
			isa = XCBuildConfiguration;
			buildSettings = {
				ASSETCATALOG_COMPILER_APPICON_NAME = AppIcon;
				CODE_SIGN_STYLE = Automatic;
				DEVELOPMENT_ASSET_PATHS = "\"First Redux&Combine App/Preview Content\"";
				DEVELOPMENT_TEAM = 2S2RSVRNML;
				ENABLE_PREVIEWS = YES;
				INFOPLIST_FILE = "First Redux&Combine App/Info.plist";
				LD_RUNPATH_SEARCH_PATHS = (
					"$(inherited)",
					"@executable_path/Frameworks",
				);
				PRODUCT_BUNDLE_IDENTIFIER = "ro.iliemarius.First-Redux-Combine-App";
				PRODUCT_NAME = "$(TARGET_NAME)";
				SWIFT_VERSION = 5.0;
				TARGETED_DEVICE_FAMILY = "1,2";
			};
			name = Debug;
		};
		7A7B00E4234CC9B300E6A9B6 /* Release */ = {
			isa = XCBuildConfiguration;
			buildSettings = {
				ASSETCATALOG_COMPILER_APPICON_NAME = AppIcon;
				CODE_SIGN_STYLE = Automatic;
				DEVELOPMENT_ASSET_PATHS = "\"First Redux&Combine App/Preview Content\"";
				DEVELOPMENT_TEAM = 2S2RSVRNML;
				ENABLE_PREVIEWS = YES;
				INFOPLIST_FILE = "First Redux&Combine App/Info.plist";
				LD_RUNPATH_SEARCH_PATHS = (
					"$(inherited)",
					"@executable_path/Frameworks",
				);
				PRODUCT_BUNDLE_IDENTIFIER = "ro.iliemarius.First-Redux-Combine-App";
				PRODUCT_NAME = "$(TARGET_NAME)";
				SWIFT_VERSION = 5.0;
				TARGETED_DEVICE_FAMILY = "1,2";
			};
			name = Release;
		};
/* End XCBuildConfiguration section */

/* Begin XCConfigurationList section */
		7A7B00C9234CC9B200E6A9B6 /* Build configuration list for PBXProject "First Redux&Combine App" */ = {
			isa = XCConfigurationList;
			buildConfigurations = (
				7A7B00E0234CC9B300E6A9B6 /* Debug */,
				7A7B00E1234CC9B300E6A9B6 /* Release */,
			);
			defaultConfigurationIsVisible = 0;
			defaultConfigurationName = Release;
		};
		7A7B00E2234CC9B300E6A9B6 /* Build configuration list for PBXNativeTarget "First Redux&Combine App" */ = {
			isa = XCConfigurationList;
			buildConfigurations = (
				7A7B00E3234CC9B300E6A9B6 /* Debug */,
				7A7B00E4234CC9B300E6A9B6 /* Release */,
			);
			defaultConfigurationIsVisible = 0;
			defaultConfigurationName = Release;
		};
/* End XCConfigurationList section */
	};
	rootObject = 7A7B00C6234CC9B200E6A9B6 /* Project object */;
}
